
Microsoft Visual Studio Solution File, Format Version 12.00
# Visual Studio Version 17
VisualStudioVersion = 17.14.36623.8 d17.14
MinimumVisualStudioVersion = 10.0.40219.1
Project("{FAE04EC0-301F-11D3-BF4B-00C04F79EFBC}") = "SecurityLab", "SecurityLab\SecurityLab.csproj", "{86082A7A-21E0-4606-BCEF-F542DAC990CD}"
EndProject
Global
	GlobalSection(SolutionConfigurationPlatforms) = preSolution
		Debug|Any CPU = Debug|Any CPU
		Release|Any CPU = Release|Any CPU
	EndGlobalSection
	GlobalSection(ProjectConfigurationPlatforms) = postSolution
		{86082A7A-21E0-4606-BCEF-F542DAC990CD}.Debug|Any CPU.ActiveCfg = Debug|Any CPU
		{86082A7A-21E0-4606-BCEF-F542DAC990CD}.Debug|Any CPU.Build.0 = Debug|Any CPU
		{86082A7A-21E0-4606-BCEF-F542DAC990CD}.Release|Any CPU.ActiveCfg = Release|Any CPU
		{86082A7A-21E0-4606-BCEF-F542DAC990CD}.Release|Any CPU.Build.0 = Release|Any CPU
	EndGlobalSection
	GlobalSection(SolutionProperties) = preSolution
		HideSolutionNode = FALSE
	EndGlobalSection
	GlobalSection(ExtensibilityGlobals) = postSolution
		SolutionGuid = {58CE9606-E963-4F85-B680-312E6984CCDC}
	EndGlobalSection
EndGlobal
