
Microsoft Visual Studio Solution File, Format Version 12.00
# Visual Studio Version 17
VisualStudioVersion = 17.14.36327.8 d17.14
MinimumVisualStudioVersion = 10.0.40219.1
Project("{FAE04EC0-301F-11D3-BF4B-00C04F79EFBC}") = "WebApp", "WebApp\WebApp.csproj", "{3CE1439A-DDF5-48CC-AA8D-83DE0357CE5D}"
EndProject
Global
	GlobalSection(SolutionConfigurationPlatforms) = preSolution
		Debug|Any CPU = Debug|Any CPU
		Release|Any CPU = Release|Any CPU
	EndGlobalSection
	GlobalSection(ProjectConfigurationPlatforms) = postSolution
		{3CE1439A-DDF5-48CC-AA8D-83DE0357CE5D}.Debug|Any CPU.ActiveCfg = Debug|Any CPU
		{3CE1439A-DDF5-48CC-AA8D-83DE0357CE5D}.Debug|Any CPU.Build.0 = Debug|Any CPU
		{3CE1439A-DDF5-48CC-AA8D-83DE0357CE5D}.Release|Any CPU.ActiveCfg = Release|Any CPU
		{3CE1439A-DDF5-48CC-AA8D-83DE0357CE5D}.Release|Any CPU.Build.0 = Release|Any CPU
	EndGlobalSection
	GlobalSection(SolutionProperties) = preSolution
		HideSolutionNode = FALSE
	EndGlobalSection
	GlobalSection(ExtensibilityGlobals) = postSolution
		SolutionGuid = {9D3EC0B9-262B-4900-A410-62CC23C5DB6A}
	EndGlobalSection
EndGlobal
